
Microsoft Visual Studio Solution File, Format Version 12.00
# Visual Studio 14
VisualStudioVersion = 14.0.23107.0
MinimumVisualStudioVersion = 10.0.40219.1
Project("{FAE04EC0-301F-11D3-BF4B-00C04F79EFBC}") = "MVVMExample", "MVVMExample\MVVMExample.csproj", "{A04707F7-855F-48B4-B177-6C223140D479}"
EndProject
Global
	GlobalSection(SolutionConfigurationPlatforms) = preSolution
		Debug|Any CPU = Debug|Any CPU
		Debug|ARM = Debug|ARM
		Debug|x64 = Debug|x64
		Debug|x86 = Debug|x86
		Release|Any CPU = Release|Any CPU
		Release|ARM = Release|ARM
		Release|x64 = Release|x64
		Release|x86 = Release|x86
	EndGlobalSection
	GlobalSection(ProjectConfigurationPlatforms) = postSolution
		{A04707F7-855F-48B4-B177-6C223140D479}.Debug|Any CPU.ActiveCfg = Debug|Any CPU
		{A04707F7-855F-48B4-B177-6C223140D479}.Debug|Any CPU.Build.0 = Debug|Any CPU
		{A04707F7-855F-48B4-B177-6C223140D479}.Debug|Any CPU.Deploy.0 = Debug|Any CPU
		{A04707F7-855F-48B4-B177-6C223140D479}.Debug|ARM.ActiveCfg = Debug|ARM
		{A04707F7-855F-48B4-B177-6C223140D479}.Debug|ARM.Build.0 = Debug|ARM
		{A04707F7-855F-48B4-B177-6C223140D479}.Debug|ARM.Deploy.0 = Debug|ARM
		{A04707F7-855F-48B4-B177-6C223140D479}.Debug|x64.ActiveCfg = Debug|x64
		{A04707F7-855F-48B4-B177-6C223140D479}.Debug|x64.Build.0 = Debug|x64
		{A04707F7-855F-48B4-B177-6C223140D479}.Debug|x64.Deploy.0 = Debug|x64
		{A04707F7-855F-48B4-B177-6C223140D479}.Debug|x86.ActiveCfg = Debug|x86
		{A04707F7-855F-48B4-B177-6C223140D479}.Debug|x86.Build.0 = Debug|x86
		{A04707F7-855F-48B4-B177-6C223140D479}.Debug|x86.Deploy.0 = Debug|x86
		{A04707F7-855F-48B4-B177-6C223140D479}.Release|Any CPU.ActiveCfg = Release|Any CPU
		{A04707F7-855F-48B4-B177-6C223140D479}.Release|Any CPU.Build.0 = Release|Any CPU
		{A04707F7-855F-48B4-B177-6C223140D479}.Release|Any CPU.Deploy.0 = Release|Any CPU
		{A04707F7-855F-48B4-B177-6C223140D479}.Release|ARM.ActiveCfg = Release|ARM
		{A04707F7-855F-48B4-B177-6C223140D479}.Release|ARM.Build.0 = Release|ARM
		{A04707F7-855F-48B4-B177-6C223140D479}.Release|ARM.Deploy.0 = Release|ARM
		{A04707F7-855F-48B4-B177-6C223140D479}.Release|x64.ActiveCfg = Release|x64
		{A04707F7-855F-48B4-B177-6C223140D479}.Release|x64.Build.0 = Release|x64
		{A04707F7-855F-48B4-B177-6C223140D479}.Release|x64.Deploy.0 = Release|x64
		{A04707F7-855F-48B4-B177-6C223140D479}.Release|x86.ActiveCfg = Release|x86
		{A04707F7-855F-48B4-B177-6C223140D479}.Release|x86.Build.0 = Release|x86
		{A04707F7-855F-48B4-B177-6C223140D479}.Release|x86.Deploy.0 = Release|x86
	EndGlobalSection
	GlobalSection(SolutionProperties) = preSolution
		HideSolutionNode = FALSE
	EndGlobalSection
EndGlobal
